
Microsoft Visual Studio Solution File, Format Version 12.00
# Visual Studio Version 17
VisualStudioVersion = 17.2.32526.322
MinimumVisualStudioVersion = 10.0.40219.1
Project("{FAE04EC0-301F-11D3-BF4B-00C04F79EFBC}") = "Topuino_Client_Windows", "Topuino_Client_Windows.csproj", "{53D6F46D-6FE0-4730-B55A-C4233BA001D3}"
EndProject
Global
	GlobalSection(SolutionConfigurationPlatforms) = preSolution
		Debug|Any CPU = Debug|Any CPU
		Release|Any CPU = Release|Any CPU
	EndGlobalSection
	GlobalSection(ProjectConfigurationPlatforms) = postSolution
		{53D6F46D-6FE0-4730-B55A-C4233BA001D3}.Debug|Any CPU.ActiveCfg = Debug|Any CPU
		{53D6F46D-6FE0-4730-B55A-C4233BA001D3}.Debug|Any CPU.Build.0 = Debug|Any CPU
		{53D6F46D-6FE0-4730-B55A-C4233BA001D3}.Release|Any CPU.ActiveCfg = Release|Any CPU
		{53D6F46D-6FE0-4730-B55A-C4233BA001D3}.Release|Any CPU.Build.0 = Release|Any CPU
	EndGlobalSection
	GlobalSection(SolutionProperties) = preSolution
		HideSolutionNode = FALSE
	EndGlobalSection
	GlobalSection(ExtensibilityGlobals) = postSolution
		SolutionGuid = {0334A7C0-6ADF-473D-A82F-22AC8ECFF532}
	EndGlobalSection
EndGlobal
